
Microsoft Visual Studio Solution File, Format Version 12.00
# Visual Studio Version 16
VisualStudioVersion = 16.0.28803.352
MinimumVisualStudioVersion = 10.0.40219.1
Project("{FAE04EC0-301F-11D3-BF4B-00C04F79EFBC}") = "Panda.Web", "Panda.Web\Panda.Web.csproj", "{D6F6CD39-8DB2-4A57-87E1-0D86FF8D520F}"
EndProject
Project("{FAE04EC0-301F-11D3-BF4B-00C04F79EFBC}") = "Panda.Models", "..\Panda.Models\Panda.Models.csproj", "{C0CAED02-B2F0-47B6-8D61-531C8F6C11F4}"
EndProject
Project("{FAE04EC0-301F-11D3-BF4B-00C04F79EFBC}") = "Panda.Services", "..\Panda.Services\Panda.Services.csproj", "{C429FF29-55A8-4515-BF61-27C9DFCCAEBA}"
EndProject
Project("{FAE04EC0-301F-11D3-BF4B-00C04F79EFBC}") = "Panda.Data", "..\Panda.Data\Panda.Data.csproj", "{999917A2-53E7-4E53-BF27-6F0013E3A2C8}"
EndProject
Global
	GlobalSection(SolutionConfigurationPlatforms) = preSolution
		Debug|Any CPU = Debug|Any CPU
		Release|Any CPU = Release|Any CPU
	EndGlobalSection
	GlobalSection(ProjectConfigurationPlatforms) = postSolution
		{D6F6CD39-8DB2-4A57-87E1-0D86FF8D520F}.Debug|Any CPU.ActiveCfg = Debug|Any CPU
		{D6F6CD39-8DB2-4A57-87E1-0D86FF8D520F}.Debug|Any CPU.Build.0 = Debug|Any CPU
		{D6F6CD39-8DB2-4A57-87E1-0D86FF8D520F}.Release|Any CPU.ActiveCfg = Release|Any CPU
		{D6F6CD39-8DB2-4A57-87E1-0D86FF8D520F}.Release|Any CPU.Build.0 = Release|Any CPU
		{C0CAED02-B2F0-47B6-8D61-531C8F6C11F4}.Debug|Any CPU.ActiveCfg = Debug|Any CPU
		{C0CAED02-B2F0-47B6-8D61-531C8F6C11F4}.Debug|Any CPU.Build.0 = Debug|Any CPU
		{C0CAED02-B2F0-47B6-8D61-531C8F6C11F4}.Release|Any CPU.ActiveCfg = Release|Any CPU
		{C0CAED02-B2F0-47B6-8D61-531C8F6C11F4}.Release|Any CPU.Build.0 = Release|Any CPU
		{C429FF29-55A8-4515-BF61-27C9DFCCAEBA}.Debug|Any CPU.ActiveCfg = Debug|Any CPU
		{C429FF29-55A8-4515-BF61-27C9DFCCAEBA}.Debug|Any CPU.Build.0 = Debug|Any CPU
		{C429FF29-55A8-4515-BF61-27C9DFCCAEBA}.Release|Any CPU.ActiveCfg = Release|Any CPU
		{C429FF29-55A8-4515-BF61-27C9DFCCAEBA}.Release|Any CPU.Build.0 = Release|Any CPU
		{999917A2-53E7-4E53-BF27-6F0013E3A2C8}.Debug|Any CPU.ActiveCfg = Debug|Any CPU
		{999917A2-53E7-4E53-BF27-6F0013E3A2C8}.Debug|Any CPU.Build.0 = Debug|Any CPU
		{999917A2-53E7-4E53-BF27-6F0013E3A2C8}.Release|Any CPU.ActiveCfg = Release|Any CPU
		{999917A2-53E7-4E53-BF27-6F0013E3A2C8}.Release|Any CPU.Build.0 = Release|Any CPU
	EndGlobalSection
	GlobalSection(SolutionProperties) = preSolution
		HideSolutionNode = FALSE
	EndGlobalSection
	GlobalSection(ExtensibilityGlobals) = postSolution
		SolutionGuid = {9D2673B1-AE0D-4875-B6E5-EEF34C6EE42B}
	EndGlobalSection
EndGlobal
